
Microsoft Visual Studio Solution File, Format Version 12.00
# Visual Studio 15
VisualStudioVersion = 15.0.26730.15
MinimumVisualStudioVersion = 10.0.40219.1
Project("{FAE04EC0-301F-11D3-BF4B-00C04F79EFBC}") = "InterestPointSearchEngine.Lib", "InterestPointSearchEngine.Lib\InterestPointSearchEngine.Lib.csproj", "{B1CB3D66-2A8C-4116-AE9B-735BBC1655B2}"
EndProject
Project("{2150E333-8FDC-42A3-9474-1A3956D46DE8}") = "tests", "tests", "{9D0EED86-1765-408F-AB24-316EA31A9265}"
EndProject
Project("{FAE04EC0-301F-11D3-BF4B-00C04F79EFBC}") = "InterestPointSearchEngine.LibFixture.Test", "InterestPointSearchEngine.LibFixture.Test\InterestPointSearchEngine.LibFixture.Test.csproj", "{0FB74E61-7333-4DB3-88BD-F2784CC2D3D0}"
EndProject
Project("{FAE04EC0-301F-11D3-BF4B-00C04F79EFBC}") = "InterestPointSearchEngine.ConsoleApp", "InterestPointSearchEngine.ConsoleApp\InterestPointSearchEngine.ConsoleApp.csproj", "{B9F055C6-218F-4C7F-9663-B841E87E1355}"
EndProject
Global
	GlobalSection(SolutionConfigurationPlatforms) = preSolution
		Debug|Any CPU = Debug|Any CPU
		Release|Any CPU = Release|Any CPU
	EndGlobalSection
	GlobalSection(ProjectConfigurationPlatforms) = postSolution
		{B1CB3D66-2A8C-4116-AE9B-735BBC1655B2}.Debug|Any CPU.ActiveCfg = Debug|Any CPU
		{B1CB3D66-2A8C-4116-AE9B-735BBC1655B2}.Debug|Any CPU.Build.0 = Debug|Any CPU
		{B1CB3D66-2A8C-4116-AE9B-735BBC1655B2}.Release|Any CPU.ActiveCfg = Release|Any CPU
		{B1CB3D66-2A8C-4116-AE9B-735BBC1655B2}.Release|Any CPU.Build.0 = Release|Any CPU
		{0FB74E61-7333-4DB3-88BD-F2784CC2D3D0}.Debug|Any CPU.ActiveCfg = Debug|Any CPU
		{0FB74E61-7333-4DB3-88BD-F2784CC2D3D0}.Debug|Any CPU.Build.0 = Debug|Any CPU
		{0FB74E61-7333-4DB3-88BD-F2784CC2D3D0}.Release|Any CPU.ActiveCfg = Release|Any CPU
		{0FB74E61-7333-4DB3-88BD-F2784CC2D3D0}.Release|Any CPU.Build.0 = Release|Any CPU
		{B9F055C6-218F-4C7F-9663-B841E87E1355}.Debug|Any CPU.ActiveCfg = Debug|Any CPU
		{B9F055C6-218F-4C7F-9663-B841E87E1355}.Debug|Any CPU.Build.0 = Debug|Any CPU
		{B9F055C6-218F-4C7F-9663-B841E87E1355}.Release|Any CPU.ActiveCfg = Release|Any CPU
		{B9F055C6-218F-4C7F-9663-B841E87E1355}.Release|Any CPU.Build.0 = Release|Any CPU
	EndGlobalSection
	GlobalSection(SolutionProperties) = preSolution
		HideSolutionNode = FALSE
	EndGlobalSection
	GlobalSection(NestedProjects) = preSolution
		{0FB74E61-7333-4DB3-88BD-F2784CC2D3D0} = {9D0EED86-1765-408F-AB24-316EA31A9265}
	EndGlobalSection
	GlobalSection(ExtensibilityGlobals) = postSolution
		SolutionGuid = {1046F3E2-24FD-4C05-B5FD-8936B58EB607}
	EndGlobalSection
EndGlobal
